
Microsoft Visual Studio Solution File, Format Version 12.00
# Visual Studio Version 17
VisualStudioVersion = 17.6.33829.357
MinimumVisualStudioVersion = 10.0.40219.1
Project("{FAE04EC0-301F-11D3-BF4B-00C04F79EFBC}") = "GraphqlBlazorTest.Server", "GraphqlBlazorTest\Server\GraphqlBlazorTest.Server.csproj", "{377EC2A5-7005-4599-8A91-E29F33E79953}"
EndProject
Project("{FAE04EC0-301F-11D3-BF4B-00C04F79EFBC}") = "GraphqlBlazorTest.Client", "GraphqlBlazorTest\Client\GraphqlBlazorTest.Client.csproj", "{622C5DBC-2313-4C79-BB6B-BBDF2882C2E6}"
EndProject
Project("{FAE04EC0-301F-11D3-BF4B-00C04F79EFBC}") = "GraphqlBlazorTest.Shared", "GraphqlBlazorTest\Shared\GraphqlBlazorTest.Shared.csproj", "{AA927B66-2AB2-43E6-97A2-97E10023713F}"
EndProject
Global
	GlobalSection(SolutionConfigurationPlatforms) = preSolution
		Debug|Any CPU = Debug|Any CPU
		Release|Any CPU = Release|Any CPU
	EndGlobalSection
	GlobalSection(ProjectConfigurationPlatforms) = postSolution
		{377EC2A5-7005-4599-8A91-E29F33E79953}.Debug|Any CPU.ActiveCfg = Debug|Any CPU
		{377EC2A5-7005-4599-8A91-E29F33E79953}.Debug|Any CPU.Build.0 = Debug|Any CPU
		{377EC2A5-7005-4599-8A91-E29F33E79953}.Release|Any CPU.ActiveCfg = Release|Any CPU
		{377EC2A5-7005-4599-8A91-E29F33E79953}.Release|Any CPU.Build.0 = Release|Any CPU
		{622C5DBC-2313-4C79-BB6B-BBDF2882C2E6}.Debug|Any CPU.ActiveCfg = Debug|Any CPU
		{622C5DBC-2313-4C79-BB6B-BBDF2882C2E6}.Debug|Any CPU.Build.0 = Debug|Any CPU
		{622C5DBC-2313-4C79-BB6B-BBDF2882C2E6}.Release|Any CPU.ActiveCfg = Release|Any CPU
		{622C5DBC-2313-4C79-BB6B-BBDF2882C2E6}.Release|Any CPU.Build.0 = Release|Any CPU
		{AA927B66-2AB2-43E6-97A2-97E10023713F}.Debug|Any CPU.ActiveCfg = Debug|Any CPU
		{AA927B66-2AB2-43E6-97A2-97E10023713F}.Debug|Any CPU.Build.0 = Debug|Any CPU
		{AA927B66-2AB2-43E6-97A2-97E10023713F}.Release|Any CPU.ActiveCfg = Release|Any CPU
		{AA927B66-2AB2-43E6-97A2-97E10023713F}.Release|Any CPU.Build.0 = Release|Any CPU
	EndGlobalSection
	GlobalSection(SolutionProperties) = preSolution
		HideSolutionNode = FALSE
	EndGlobalSection
	GlobalSection(ExtensibilityGlobals) = postSolution
		SolutionGuid = {A90E69F7-81E5-4B65-9E86-7E67F7460408}
	EndGlobalSection
EndGlobal
